
Microsoft Visual Studio Solution File, Format Version 12.00
# Visual Studio 15
VisualStudioVersion = 15.0.28010.0
MinimumVisualStudioVersion = 10.0.40219.1
Project("{FAE04EC0-301F-11D3-BF4B-00C04F79EFBC}") = "ColorMatch", "ColorMatch\ColorMatch.csproj", "{FE51E236-360B-4548-8977-8C2C35A20727}"
EndProject
Project("{FAE04EC0-301F-11D3-BF4B-00C04F79EFBC}") = "IndependentTask1", "IndependentTask1\IndependentTask1.csproj", "{0D745413-C9C7-4A91-90B2-924E99F72537}"
EndProject
Project("{FAE04EC0-301F-11D3-BF4B-00C04F79EFBC}") = "IndependentTask2", "IndependentTask2\IndependentTask2.csproj", "{8360A84A-32F2-422F-90A4-E850F3D4C198}"
EndProject
Project("{FAE04EC0-301F-11D3-BF4B-00C04F79EFBC}") = "People", "People\People.csproj", "{A4208412-5465-4181-BF48-043FD8F670B6}"
EndProject
Project("{FAE04EC0-301F-11D3-BF4B-00C04F79EFBC}") = "IndependentTask3", "IndependentTask3\IndependentTask3.csproj", "{C6C41B4C-4FC3-400B-9E73-A1ECD50D2B46}"
EndProject
Project("{FAE04EC0-301F-11D3-BF4B-00C04F79EFBC}") = "DigitalClock", "DigitalClock\DigitalClock.csproj", "{5F3E3E5F-5F17-4090-8DD1-35EADAF11CC6}"
EndProject
Project("{FAE04EC0-301F-11D3-BF4B-00C04F79EFBC}") = "UsingGDI", "UsingGDI\UsingGDI.csproj", "{52D3A6DF-8E8B-439B-B3F6-224161FDD8F9}"
EndProject
Global
	GlobalSection(SolutionConfigurationPlatforms) = preSolution
		Debug|Any CPU = Debug|Any CPU
		Debug|x86 = Debug|x86
		Release|Any CPU = Release|Any CPU
		Release|x86 = Release|x86
	EndGlobalSection
	GlobalSection(ProjectConfigurationPlatforms) = postSolution
		{FE51E236-360B-4548-8977-8C2C35A20727}.Debug|Any CPU.ActiveCfg = Debug|Any CPU
		{FE51E236-360B-4548-8977-8C2C35A20727}.Debug|Any CPU.Build.0 = Debug|Any CPU
		{FE51E236-360B-4548-8977-8C2C35A20727}.Debug|x86.ActiveCfg = Debug|Any CPU
		{FE51E236-360B-4548-8977-8C2C35A20727}.Debug|x86.Build.0 = Debug|Any CPU
		{FE51E236-360B-4548-8977-8C2C35A20727}.Release|Any CPU.ActiveCfg = Release|Any CPU
		{FE51E236-360B-4548-8977-8C2C35A20727}.Release|Any CPU.Build.0 = Release|Any CPU
		{FE51E236-360B-4548-8977-8C2C35A20727}.Release|x86.ActiveCfg = Release|Any CPU
		{FE51E236-360B-4548-8977-8C2C35A20727}.Release|x86.Build.0 = Release|Any CPU
		{0D745413-C9C7-4A91-90B2-924E99F72537}.Debug|Any CPU.ActiveCfg = Debug|x86
		{0D745413-C9C7-4A91-90B2-924E99F72537}.Debug|x86.ActiveCfg = Debug|x86
		{0D745413-C9C7-4A91-90B2-924E99F72537}.Debug|x86.Build.0 = Debug|x86
		{0D745413-C9C7-4A91-90B2-924E99F72537}.Release|Any CPU.ActiveCfg = Release|x86
		{0D745413-C9C7-4A91-90B2-924E99F72537}.Release|x86.ActiveCfg = Release|x86
		{0D745413-C9C7-4A91-90B2-924E99F72537}.Release|x86.Build.0 = Release|x86
		{8360A84A-32F2-422F-90A4-E850F3D4C198}.Debug|Any CPU.ActiveCfg = Debug|Any CPU
		{8360A84A-32F2-422F-90A4-E850F3D4C198}.Debug|Any CPU.Build.0 = Debug|Any CPU
		{8360A84A-32F2-422F-90A4-E850F3D4C198}.Debug|x86.ActiveCfg = Debug|Any CPU
		{8360A84A-32F2-422F-90A4-E850F3D4C198}.Debug|x86.Build.0 = Debug|Any CPU
		{8360A84A-32F2-422F-90A4-E850F3D4C198}.Release|Any CPU.ActiveCfg = Release|Any CPU
		{8360A84A-32F2-422F-90A4-E850F3D4C198}.Release|Any CPU.Build.0 = Release|Any CPU
		{8360A84A-32F2-422F-90A4-E850F3D4C198}.Release|x86.ActiveCfg = Release|Any CPU
		{8360A84A-32F2-422F-90A4-E850F3D4C198}.Release|x86.Build.0 = Release|Any CPU
		{A4208412-5465-4181-BF48-043FD8F670B6}.Debug|Any CPU.ActiveCfg = Debug|Any CPU
		{A4208412-5465-4181-BF48-043FD8F670B6}.Debug|Any CPU.Build.0 = Debug|Any CPU
		{A4208412-5465-4181-BF48-043FD8F670B6}.Debug|x86.ActiveCfg = Debug|Any CPU
		{A4208412-5465-4181-BF48-043FD8F670B6}.Debug|x86.Build.0 = Debug|Any CPU
		{A4208412-5465-4181-BF48-043FD8F670B6}.Release|Any CPU.ActiveCfg = Release|Any CPU
		{A4208412-5465-4181-BF48-043FD8F670B6}.Release|Any CPU.Build.0 = Release|Any CPU
		{A4208412-5465-4181-BF48-043FD8F670B6}.Release|x86.ActiveCfg = Release|Any CPU
		{A4208412-5465-4181-BF48-043FD8F670B6}.Release|x86.Build.0 = Release|Any CPU
		{C6C41B4C-4FC3-400B-9E73-A1ECD50D2B46}.Debug|Any CPU.ActiveCfg = Debug|Any CPU
		{C6C41B4C-4FC3-400B-9E73-A1ECD50D2B46}.Debug|Any CPU.Build.0 = Debug|Any CPU
		{C6C41B4C-4FC3-400B-9E73-A1ECD50D2B46}.Debug|x86.ActiveCfg = Debug|Any CPU
		{C6C41B4C-4FC3-400B-9E73-A1ECD50D2B46}.Debug|x86.Build.0 = Debug|Any CPU
		{C6C41B4C-4FC3-400B-9E73-A1ECD50D2B46}.Release|Any CPU.ActiveCfg = Release|Any CPU
		{C6C41B4C-4FC3-400B-9E73-A1ECD50D2B46}.Release|Any CPU.Build.0 = Release|Any CPU
		{C6C41B4C-4FC3-400B-9E73-A1ECD50D2B46}.Release|x86.ActiveCfg = Release|Any CPU
		{C6C41B4C-4FC3-400B-9E73-A1ECD50D2B46}.Release|x86.Build.0 = Release|Any CPU
		{5F3E3E5F-5F17-4090-8DD1-35EADAF11CC6}.Debug|Any CPU.ActiveCfg = Debug|Any CPU
		{5F3E3E5F-5F17-4090-8DD1-35EADAF11CC6}.Debug|Any CPU.Build.0 = Debug|Any CPU
		{5F3E3E5F-5F17-4090-8DD1-35EADAF11CC6}.Debug|x86.ActiveCfg = Debug|Any CPU
		{5F3E3E5F-5F17-4090-8DD1-35EADAF11CC6}.Debug|x86.Build.0 = Debug|Any CPU
		{5F3E3E5F-5F17-4090-8DD1-35EADAF11CC6}.Release|Any CPU.ActiveCfg = Release|Any CPU
		{5F3E3E5F-5F17-4090-8DD1-35EADAF11CC6}.Release|Any CPU.Build.0 = Release|Any CPU
		{5F3E3E5F-5F17-4090-8DD1-35EADAF11CC6}.Release|x86.ActiveCfg = Release|Any CPU
		{5F3E3E5F-5F17-4090-8DD1-35EADAF11CC6}.Release|x86.Build.0 = Release|Any CPU
		{52D3A6DF-8E8B-439B-B3F6-224161FDD8F9}.Debug|Any CPU.ActiveCfg = Debug|Any CPU
		{52D3A6DF-8E8B-439B-B3F6-224161FDD8F9}.Debug|Any CPU.Build.0 = Debug|Any CPU
		{52D3A6DF-8E8B-439B-B3F6-224161FDD8F9}.Debug|x86.ActiveCfg = Debug|Any CPU
		{52D3A6DF-8E8B-439B-B3F6-224161FDD8F9}.Debug|x86.Build.0 = Debug|Any CPU
		{52D3A6DF-8E8B-439B-B3F6-224161FDD8F9}.Release|Any CPU.ActiveCfg = Release|Any CPU
		{52D3A6DF-8E8B-439B-B3F6-224161FDD8F9}.Release|Any CPU.Build.0 = Release|Any CPU
		{52D3A6DF-8E8B-439B-B3F6-224161FDD8F9}.Release|x86.ActiveCfg = Release|Any CPU
		{52D3A6DF-8E8B-439B-B3F6-224161FDD8F9}.Release|x86.Build.0 = Release|Any CPU
	EndGlobalSection
	GlobalSection(SolutionProperties) = preSolution
		HideSolutionNode = FALSE
	EndGlobalSection
	GlobalSection(ExtensibilityGlobals) = postSolution
		SolutionGuid = {E0837B89-DB23-4E88-8114-307894DE58C9}
	EndGlobalSection
EndGlobal
